
Microsoft Visual Studio Solution File, Format Version 12.00
# Visual Studio 2013
VisualStudioVersion = 12.0.31101.0
MinimumVisualStudioVersion = 10.0.40219.1
Project("{8BC9CEB8-8B4A-11D0-8D11-00A0C91BC942}") = "code17_2", "code17_2.vcxproj", "{10B6C0CC-C224-4833-BA05-81DFC05D553F}"
EndProject
Global
	GlobalSection(SolutionConfigurationPlatforms) = preSolution
		Debug|Win32 = Debug|Win32
		Release|Win32 = Release|Win32
	EndGlobalSection
	GlobalSection(ProjectConfigurationPlatforms) = postSolution
		{10B6C0CC-C224-4833-BA05-81DFC05D553F}.Debug|Win32.ActiveCfg = Debug|Win32
		{10B6C0CC-C224-4833-BA05-81DFC05D553F}.Debug|Win32.Build.0 = Debug|Win32
		{10B6C0CC-C224-4833-BA05-81DFC05D553F}.Release|Win32.ActiveCfg = Release|Win32
		{10B6C0CC-C224-4833-BA05-81DFC05D553F}.Release|Win32.Build.0 = Release|Win32
	EndGlobalSection
	GlobalSection(SolutionProperties) = preSolution
		HideSolutionNode = FALSE
	EndGlobalSection
EndGlobal
